
Microsoft Visual Studio Solution File, Format Version 12.00
# Visual Studio 15
VisualStudioVersion = 15.0.27703.2035
MinimumVisualStudioVersion = 10.0.40219.1
Project("{9A19103F-16F7-4668-BE54-9A1E7A4F7556}") = "MyCoreProject", "MyCoreProject\MyCoreProject.csproj", "{162C9CA2-3CEF-4D7D-B7E4-A5C47B6C5583}"
EndProject
Global
	GlobalSection(SolutionConfigurationPlatforms) = preSolution
		Debug|Any CPU = Debug|Any CPU
		Release|Any CPU = Release|Any CPU
	EndGlobalSection
	GlobalSection(ProjectConfigurationPlatforms) = postSolution
		{162C9CA2-3CEF-4D7D-B7E4-A5C47B6C5583}.Debug|Any CPU.ActiveCfg = Debug|Any CPU
		{162C9CA2-3CEF-4D7D-B7E4-A5C47B6C5583}.Debug|Any CPU.Build.0 = Debug|Any CPU
		{162C9CA2-3CEF-4D7D-B7E4-A5C47B6C5583}.Release|Any CPU.ActiveCfg = Release|Any CPU
		{162C9CA2-3CEF-4D7D-B7E4-A5C47B6C5583}.Release|Any CPU.Build.0 = Release|Any CPU
	EndGlobalSection
	GlobalSection(SolutionProperties) = preSolution
		HideSolutionNode = FALSE
	EndGlobalSection
	GlobalSection(ExtensibilityGlobals) = postSolution
		SolutionGuid = {B479F79A-6E57-4EE8-9650-4A506685F3FE}
	EndGlobalSection
EndGlobal
